
Microsoft Visual Studio Solution File, Format Version 12.00
# Visual Studio Version 16
VisualStudioVersion = 16.0.29418.71
MinimumVisualStudioVersion = 10.0.40219.1
Project("{9A19103F-16F7-4668-BE54-9A1E7A4F7556}") = "Library.Data", "Library.Data\Library.Data.csproj", "{D22123AC-04A5-4149-B43E-87343736A259}"
EndProject
Project("{9A19103F-16F7-4668-BE54-9A1E7A4F7556}") = "Library.Domain", "Library.Domain\Library.Domain.csproj", "{7B01383C-42E5-49DA-B4D2-94D033FFF557}"
EndProject
Project("{9A19103F-16F7-4668-BE54-9A1E7A4F7556}") = "Library.Web", "Library.Web\Library.Web.csproj", "{47EC7E1E-CBB4-43C9-8C4C-67FA6EB07EDE}"
EndProject
Global
	GlobalSection(SolutionConfigurationPlatforms) = preSolution
		Debug|Any CPU = Debug|Any CPU
		Release|Any CPU = Release|Any CPU
	EndGlobalSection
	GlobalSection(ProjectConfigurationPlatforms) = postSolution
		{D22123AC-04A5-4149-B43E-87343736A259}.Debug|Any CPU.ActiveCfg = Debug|Any CPU
		{D22123AC-04A5-4149-B43E-87343736A259}.Debug|Any CPU.Build.0 = Debug|Any CPU
		{D22123AC-04A5-4149-B43E-87343736A259}.Release|Any CPU.ActiveCfg = Release|Any CPU
		{D22123AC-04A5-4149-B43E-87343736A259}.Release|Any CPU.Build.0 = Release|Any CPU
		{7B01383C-42E5-49DA-B4D2-94D033FFF557}.Debug|Any CPU.ActiveCfg = Debug|Any CPU
		{7B01383C-42E5-49DA-B4D2-94D033FFF557}.Debug|Any CPU.Build.0 = Debug|Any CPU
		{7B01383C-42E5-49DA-B4D2-94D033FFF557}.Release|Any CPU.ActiveCfg = Release|Any CPU
		{7B01383C-42E5-49DA-B4D2-94D033FFF557}.Release|Any CPU.Build.0 = Release|Any CPU
		{47EC7E1E-CBB4-43C9-8C4C-67FA6EB07EDE}.Debug|Any CPU.ActiveCfg = Debug|Any CPU
		{47EC7E1E-CBB4-43C9-8C4C-67FA6EB07EDE}.Debug|Any CPU.Build.0 = Debug|Any CPU
		{47EC7E1E-CBB4-43C9-8C4C-67FA6EB07EDE}.Release|Any CPU.ActiveCfg = Release|Any CPU
		{47EC7E1E-CBB4-43C9-8C4C-67FA6EB07EDE}.Release|Any CPU.Build.0 = Release|Any CPU
	EndGlobalSection
	GlobalSection(SolutionProperties) = preSolution
		HideSolutionNode = FALSE
	EndGlobalSection
	GlobalSection(ExtensibilityGlobals) = postSolution
		SolutionGuid = {76E9AB35-3FA6-4788-A69B-9020F5E4796E}
	EndGlobalSection
EndGlobal
